// !$*UTF8*$!
{
	archiveVersion = 1;
	classes = {
	};
	objectVersion = 77;
	objects = {

/* Begin PBXContainerItemProxy section */
		78C9D7D22CC35FEE003FBDCF /* PBXContainerItemProxy */ = {
			isa = PBXContainerItemProxy;
			containerPortal = 78C9D7B72CC35FED003FBDCF /* Project object */;
			proxyType = 1;
			remoteGlobalIDString = 78C9D7BE2CC35FED003FBDCF;
			remoteInfo = "High Tense";
		};
		78C9D7DC2CC35FEE003FBDCF /* PBXContainerItemProxy */ = {
			isa = PBXContainerItemProxy;
			containerPortal = 78C9D7B72CC35FED003FBDCF /* Project object */;
			proxyType = 1;
			remoteGlobalIDString = 78C9D7BE2CC35FED003FBDCF;
			remoteInfo = "High Tense";
		};
/* End PBXContainerItemProxy section */

/* Begin PBXFileReference section */
		78C9D7BF2CC35FED003FBDCF /* High Tense.app */ = {isa = PBXFileReference; explicitFileType = wrapper.application; includeInIndex = 0; path = "High Tense.app"; sourceTree = BUILT_PRODUCTS_DIR; };
		78C9D7D12CC35FEE003FBDCF /* High TenseTests.xctest */ = {isa = PBXFileReference; explicitFileType = wrapper.cfbundle; includeInIndex = 0; path = "High TenseTests.xctest"; sourceTree = BUILT_PRODUCTS_DIR; };
		78C9D7DB2CC35FEE003FBDCF /* High TenseUITests.xctest */ = {isa = PBXFileReference; explicitFileType = wrapper.cfbundle; includeInIndex = 0; path = "High TenseUITests.xctest"; sourceTree = BUILT_PRODUCTS_DIR; };
/* End PBXFileReference section */

/* Begin PBXFileSystemSynchronizedRootGroup section */
		78C9D7C12CC35FED003FBDCF /* High Tense */ = {
			isa = PBXFileSystemSynchronizedRootGroup;
			path = "High Tense";
			sourceTree = "<group>";
		};
		78C9D7D42CC35FEE003FBDCF /* High TenseTests */ = {
			isa = PBXFileSystemSynchronizedRootGroup;
			path = "High TenseTests";
			sourceTree = "<group>";
		};
		78C9D7DE2CC35FEE003FBDCF /* High TenseUITests */ = {
			isa = PBXFileSystemSynchronizedRootGroup;
			path = "High TenseUITests";
			sourceTree = "<group>";
		};
/* End PBXFileSystemSynchronizedRootGroup section */

/* Begin PBXFrameworksBuildPhase section */
		78C9D7BC2CC35FED003FBDCF /* Frameworks */ = {
			isa = PBXFrameworksBuildPhase;
			buildActionMask = 2147483647;
			files = (
			);
			runOnlyForDeploymentPostprocessing = 0;
		};
		78C9D7CE2CC35FEE003FBDCF /* Frameworks */ = {
			isa = PBXFrameworksBuildPhase;
			buildActionMask = 2147483647;
			files = (
			);
			runOnlyForDeploymentPostprocessing = 0;
		};
		78C9D7D82CC35FEE003FBDCF /* Frameworks */ = {
			isa = PBXFrameworksBuildPhase;
			buildActionMask = 2147483647;
			files = (
			);
			runOnlyForDeploymentPostprocessing = 0;
		};
/* End PBXFrameworksBuildPhase section */

/* Begin PBXGroup section */
		78C9D7B62CC35FED003FBDCF = {
			isa = PBXGroup;
			children = (
				78C9D7C12CC35FED003FBDCF /* High Tense */,
				78C9D7D42CC35FEE003FBDCF /* High TenseTests */,
				78C9D7DE2CC35FEE003FBDCF /* High TenseUITests */,
				78C9D7C02CC35FED003FBDCF /* Products */,
			);
			sourceTree = "<group>";
		};
		78C9D7C02CC35FED003FBDCF /* Products */ = {
			isa = PBXGroup;
			children = (
				78C9D7BF2CC35FED003FBDCF /* High Tense.app */,
				78C9D7D12CC35FEE003FBDCF /* High TenseTests.xctest */,
				78C9D7DB2CC35FEE003FBDCF /* High TenseUITests.xctest */,
			);
			name = Products;
			sourceTree = "<group>";
		};
/* End PBXGroup section */

/* Begin PBXNativeTarget section */
		78C9D7BE2CC35FED003FBDCF /* High Tense */ = {
			isa = PBXNativeTarget;
			buildConfigurationList = 78C9D7E52CC35FEE003FBDCF /* Build configuration list for PBXNativeTarget "High Tense" */;
			buildPhases = (
				78C9D7BB2CC35FED003FBDCF /* Sources */,
				78C9D7BC2CC35FED003FBDCF /* Frameworks */,
				78C9D7BD2CC35FED003FBDCF /* Resources */,
			);
			buildRules = (
			);
			dependencies = (
			);
			fileSystemSynchronizedGroups = (
				78C9D7C12CC35FED003FBDCF /* High Tense */,
			);
			name = "High Tense";
			packageProductDependencies = (
			);
			productName = "High Tense";
			productReference = 78C9D7BF2CC35FED003FBDCF /* High Tense.app */;
			productType = "com.apple.product-type.application";
		};
		78C9D7D02CC35FEE003FBDCF /* High TenseTests */ = {
			isa = PBXNativeTarget;
			buildConfigurationList = 78C9D7E82CC35FEE003FBDCF /* Build configuration list for PBXNativeTarget "High TenseTests" */;
			buildPhases = (
				78C9D7CD2CC35FEE003FBDCF /* Sources */,
				78C9D7CE2CC35FEE003FBDCF /* Frameworks */,
				78C9D7CF2CC35FEE003FBDCF /* Resources */,
			);
			buildRules = (
			);
			dependencies = (
				78C9D7D32CC35FEE003FBDCF /* PBXTargetDependency */,
			);
			fileSystemSynchronizedGroups = (
				78C9D7D42CC35FEE003FBDCF /* High TenseTests */,
			);
			name = "High TenseTests";
			packageProductDependencies = (
			);
			productName = "High TenseTests";
			productReference = 78C9D7D12CC35FEE003FBDCF /* High TenseTests.xctest */;
			productType = "com.apple.product-type.bundle.unit-test";
		};
		78C9D7DA2CC35FEE003FBDCF /* High TenseUITests */ = {
			isa = PBXNativeTarget;
			buildConfigurationList = 78C9D7EB2CC35FEE003FBDCF /* Build configuration list for PBXNativeTarget "High TenseUITests" */;
			buildPhases = (
				78C9D7D72CC35FEE003FBDCF /* Sources */,
				78C9D7D82CC35FEE003FBDCF /* Frameworks */,
				78C9D7D92CC35FEE003FBDCF /* Resources */,
			);
			buildRules = (
			);
			dependencies = (
				78C9D7DD2CC35FEE003FBDCF /* PBXTargetDependency */,
			);
			fileSystemSynchronizedGroups = (
				78C9D7DE2CC35FEE003FBDCF /* High TenseUITests */,
			);
			name = "High TenseUITests";
			packageProductDependencies = (
			);
			productName = "High TenseUITests";
			productReference = 78C9D7DB2CC35FEE003FBDCF /* High TenseUITests.xctest */;
			productType = "com.apple.product-type.bundle.ui-testing";
		};
/* End PBXNativeTarget section */

/* Begin PBXProject section */
		78C9D7B72CC35FED003FBDCF /* Project object */ = {
			isa = PBXProject;
			attributes = {
				BuildIndependentTargetsInParallel = 1;
				LastSwiftUpdateCheck = 1600;
				LastUpgradeCheck = 1600;
				TargetAttributes = {
					78C9D7BE2CC35FED003FBDCF = {
						CreatedOnToolsVersion = 16.0;
					};
					78C9D7D02CC35FEE003FBDCF = {
						CreatedOnToolsVersion = 16.0;
						TestTargetID = 78C9D7BE2CC35FED003FBDCF;
					};
					78C9D7DA2CC35FEE003FBDCF = {
						CreatedOnToolsVersion = 16.0;
						TestTargetID = 78C9D7BE2CC35FED003FBDCF;
					};
				};
			};
			buildConfigurationList = 78C9D7BA2CC35FED003FBDCF /* Build configuration list for PBXProject "High Tense" */;
			developmentRegion = en;
			hasScannedForEncodings = 0;
			knownRegions = (
				en,
				Base,
			);
			mainGroup = 78C9D7B62CC35FED003FBDCF;
			minimizedProjectReferenceProxies = 1;
			preferredProjectObjectVersion = 77;
			productRefGroup = 78C9D7C02CC35FED003FBDCF /* Products */;
			projectDirPath = "";
			projectRoot = "";
			targets = (
				78C9D7BE2CC35FED003FBDCF /* High Tense */,
				78C9D7D02CC35FEE003FBDCF /* High TenseTests */,
				78C9D7DA2CC35FEE003FBDCF /* High TenseUITests */,
			);
		};
/* End PBXProject section */

/* Begin PBXResourcesBuildPhase section */
		78C9D7BD2CC35FED003FBDCF /* Resources */ = {
			isa = PBXResourcesBuildPhase;
			buildActionMask = 2147483647;
			files = (
			);
			runOnlyForDeploymentPostprocessing = 0;
		};
		78C9D7CF2CC35FEE003FBDCF /* Resources */ = {
			isa = PBXResourcesBuildPhase;
			buildActionMask = 2147483647;
			files = (
			);
			runOnlyForDeploymentPostprocessing = 0;
		};
		78C9D7D92CC35FEE003FBDCF /* Resources */ = {
			isa = PBXResourcesBuildPhase;
			buildActionMask = 2147483647;
			files = (
			);
			runOnlyForDeploymentPostprocessing = 0;
		};
/* End PBXResourcesBuildPhase section */

/* Begin PBXSourcesBuildPhase section */
		78C9D7BB2CC35FED003FBDCF /* Sources */ = {
			isa = PBXSourcesBuildPhase;
			buildActionMask = 2147483647;
			files = (
			);
			runOnlyForDeploymentPostprocessing = 0;
		};
		78C9D7CD2CC35FEE003FBDCF /* Sources */ = {
			isa = PBXSourcesBuildPhase;
			buildActionMask = 2147483647;
			files = (
			);
			runOnlyForDeploymentPostprocessing = 0;
		};
		78C9D7D72CC35FEE003FBDCF /* Sources */ = {
			isa = PBXSourcesBuildPhase;
			buildActionMask = 2147483647;
			files = (
			);
			runOnlyForDeploymentPostprocessing = 0;
		};
/* End PBXSourcesBuildPhase section */

/* Begin PBXTargetDependency section */
		78C9D7D32CC35FEE003FBDCF /* PBXTargetDependency */ = {
			isa = PBXTargetDependency;
			target = 78C9D7BE2CC35FED003FBDCF /* High Tense */;
			targetProxy = 78C9D7D22CC35FEE003FBDCF /* PBXContainerItemProxy */;
		};
		78C9D7DD2CC35FEE003FBDCF /* PBXTargetDependency */ = {
			isa = PBXTargetDependency;
			target = 78C9D7BE2CC35FED003FBDCF /* High Tense */;
			targetProxy = 78C9D7DC2CC35FEE003FBDCF /* PBXContainerItemProxy */;
		};
/* End PBXTargetDependency section */

/* Begin XCBuildConfiguration section */
		78C9D7E32CC35FEE003FBDCF /* Debug */ = {
			isa = XCBuildConfiguration;
			buildSettings = {
				ALWAYS_SEARCH_USER_PATHS = NO;
				ASSETCATALOG_COMPILER_GENERATE_SWIFT_ASSET_SYMBOL_EXTENSIONS = YES;
				CLANG_ANALYZER_NONNULL = YES;
				CLANG_ANALYZER_NUMBER_OBJECT_CONVERSION = YES_AGGRESSIVE;
				CLANG_CXX_LANGUAGE_STANDARD = "gnu++20";
				CLANG_ENABLE_MODULES = YES;
				CLANG_ENABLE_OBJC_ARC = YES;
				CLANG_ENABLE_OBJC_WEAK = YES;
				CLANG_WARN_BLOCK_CAPTURE_AUTORELEASING = YES;
				CLANG_WARN_BOOL_CONVERSION = YES;
				CLANG_WARN_COMMA = YES;
				CLANG_WARN_CONSTANT_CONVERSION = YES;
				CLANG_WARN_DEPRECATED_OBJC_IMPLEMENTATIONS = YES;
				CLANG_WARN_DIRECT_OBJC_ISA_USAGE = YES_ERROR;
				CLANG_WARN_DOCUMENTATION_COMMENTS = YES;
				CLANG_WARN_EMPTY_BODY = YES;
				CLANG_WARN_ENUM_CONVERSION = YES;
				CLANG_WARN_INFINITE_RECURSION = YES;
				CLANG_WARN_INT_CONVERSION = YES;
				CLANG_WARN_NON_LITERAL_NULL_CONVERSION = YES;
				CLANG_WARN_OBJC_IMPLICIT_RETAIN_SELF = YES;
				CLANG_WARN_OBJC_LITERAL_CONVERSION = YES;
				CLANG_WARN_OBJC_ROOT_CLASS = YES_ERROR;
				CLANG_WARN_QUOTED_INCLUDE_IN_FRAMEWORK_HEADER = YES;
				CLANG_WARN_RANGE_LOOP_ANALYSIS = YES;
				CLANG_WARN_STRICT_PROTOTYPES = YES;
				CLANG_WARN_SUSPICIOUS_MOVE = YES;
				CLANG_WARN_UNGUARDED_AVAILABILITY = YES_AGGRESSIVE;
				CLANG_WARN_UNREACHABLE_CODE = YES;
				CLANG_WARN__DUPLICATE_METHOD_MATCH = YES;
				COPY_PHASE_STRIP = NO;
				DEBUG_INFORMATION_FORMAT = dwarf;
				ENABLE_STRICT_OBJC_MSGSEND = YES;
				ENABLE_TESTABILITY = YES;
				ENABLE_USER_SCRIPT_SANDBOXING = YES;
				GCC_C_LANGUAGE_STANDARD = gnu17;
				GCC_DYNAMIC_NO_PIC = NO;
				GCC_NO_COMMON_BLOCKS = YES;
				GCC_OPTIMIZATION_LEVEL = 0;
				GCC_PREPROCESSOR_DEFINITIONS = (
					"DEBUG=1",
					"$(inherited)",
				);
				GCC_WARN_64_TO_32_BIT_CONVERSION = YES;
				GCC_WARN_ABOUT_RETURN_TYPE = YES_ERROR;
				GCC_WARN_UNDECLARED_SELECTOR = YES;
				GCC_WARN_UNINITIALIZED_AUTOS = YES_AGGRESSIVE;
				GCC_WARN_UNUSED_FUNCTION = YES;
				GCC_WARN_UNUSED_VARIABLE = YES;
				IPHONEOS_DEPLOYMENT_TARGET = 18.0;
				LOCALIZATION_PREFERS_STRING_CATALOGS = YES;
				MTL_ENABLE_DEBUG_INFO = INCLUDE_SOURCE;
				MTL_FAST_MATH = YES;
				ONLY_ACTIVE_ARCH = YES;
				SDKROOT = iphoneos;
				SWIFT_ACTIVE_COMPILATION_CONDITIONS = "DEBUG $(inherited)";
				SWIFT_OPTIMIZATION_LEVEL = "-Onone";
			};
			name = Debug;
		};
		78C9D7E42CC35FEE003FBDCF /* Release */ = {
			isa = XCBuildConfiguration;
			buildSettings = {
				ALWAYS_SEARCH_USER_PATHS = NO;
				ASSETCATALOG_COMPILER_GENERATE_SWIFT_ASSET_SYMBOL_EXTENSIONS = YES;
				CLANG_ANALYZER_NONNULL = YES;
				CLANG_ANALYZER_NUMBER_OBJECT_CONVERSION = YES_AGGRESSIVE;
				CLANG_CXX_LANGUAGE_STANDARD = "gnu++20";
				CLANG_ENABLE_MODULES = YES;
				CLANG_ENABLE_OBJC_ARC = YES;
				CLANG_ENABLE_OBJC_WEAK = YES;
				CLANG_WARN_BLOCK_CAPTURE_AUTORELEASING = YES;
				CLANG_WARN_BOOL_CONVERSION = YES;
				CLANG_WARN_COMMA = YES;
				CLANG_WARN_CONSTANT_CONVERSION = YES;
				CLANG_WARN_DEPRECATED_OBJC_IMPLEMENTATIONS = YES;
				CLANG_WARN_DIRECT_OBJC_ISA_USAGE = YES_ERROR;
				CLANG_WARN_DOCUMENTATION_COMMENTS = YES;
				CLANG_WARN_EMPTY_BODY = YES;
				CLANG_WARN_ENUM_CONVERSION = YES;
				CLANG_WARN_INFINITE_RECURSION = YES;
				CLANG_WARN_INT_CONVERSION = YES;
				CLANG_WARN_NON_LITERAL_NULL_CONVERSION = YES;
				CLANG_WARN_OBJC_IMPLICIT_RETAIN_SELF = YES;
				CLANG_WARN_OBJC_LITERAL_CONVERSION = YES;
				CLANG_WARN_OBJC_ROOT_CLASS = YES_ERROR;
				CLANG_WARN_QUOTED_INCLUDE_IN_FRAMEWORK_HEADER = YES;
				CLANG_WARN_RANGE_LOOP_ANALYSIS = YES;
				CLANG_WARN_STRICT_PROTOTYPES = YES;
				CLANG_WARN_SUSPICIOUS_MOVE = YES;
				CLANG_WARN_UNGUARDED_AVAILABILITY = YES_AGGRESSIVE;
				CLANG_WARN_UNREACHABLE_CODE = YES;
				CLANG_WARN__DUPLICATE_METHOD_MATCH = YES;
				COPY_PHASE_STRIP = NO;
				DEBUG_INFORMATION_FORMAT = "dwarf-with-dsym";
				ENABLE_NS_ASSERTIONS = NO;
				ENABLE_STRICT_OBJC_MSGSEND = YES;
				ENABLE_USER_SCRIPT_SANDBOXING = YES;
				GCC_C_LANGUAGE_STANDARD = gnu17;
				GCC_NO_COMMON_BLOCKS = YES;
				GCC_WARN_64_TO_32_BIT_CONVERSION = YES;
				GCC_WARN_ABOUT_RETURN_TYPE = YES_ERROR;
				GCC_WARN_UNDECLARED_SELECTOR = YES;
				GCC_WARN_UNINITIALIZED_AUTOS = YES_AGGRESSIVE;
				GCC_WARN_UNUSED_FUNCTION = YES;
				GCC_WARN_UNUSED_VARIABLE = YES;
				IPHONEOS_DEPLOYMENT_TARGET = 18.0;
				LOCALIZATION_PREFERS_STRING_CATALOGS = YES;
				MTL_ENABLE_DEBUG_INFO = NO;
				MTL_FAST_MATH = YES;
				SDKROOT = iphoneos;
				SWIFT_COMPILATION_MODE = wholemodule;
				VALIDATE_PRODUCT = YES;
			};
			name = Release;
		};
		78C9D7E62CC35FEE003FBDCF /* Debug */ = {
			isa = XCBuildConfiguration;
			buildSettings = {
				ASSETCATALOG_COMPILER_APPICON_NAME = AppIcon;
				ASSETCATALOG_COMPILER_GLOBAL_ACCENT_COLOR_NAME = AccentColor;
				ASSETCATALOG_COMPILER_INCLUDE_ALL_APPICON_ASSETS = NO;
				CODE_SIGN_STYLE = Automatic;
				CURRENT_PROJECT_VERSION = 1;
				DEVELOPMENT_ASSET_PATHS = "\"High Tense/Preview Content\"";
				DEVELOPMENT_TEAM = 9GSM5SF73S;
				ENABLE_PREVIEWS = YES;
				GENERATE_INFOPLIST_FILE = YES;
				INFOPLIST_KEY_UIApplicationSceneManifest_Generation = YES;
				INFOPLIST_KEY_UIApplicationSupportsIndirectInputEvents = YES;
				INFOPLIST_KEY_UILaunchScreen_Generation = YES;
				INFOPLIST_KEY_UISupportedInterfaceOrientations = UIInterfaceOrientationPortrait;
				LD_RUNPATH_SEARCH_PATHS = (
					"$(inherited)",
					"@executable_path/Frameworks",
				);
				MARKETING_VERSION = 1.0;
				PRODUCT_BUNDLE_IDENTIFIER = "leet.High-Tense";
				PRODUCT_NAME = "$(TARGET_NAME)";
				SWIFT_EMIT_LOC_STRINGS = YES;
				SWIFT_VERSION = 5.0;
				TARGETED_DEVICE_FAMILY = "1,2";
			};
			name = Debug;
		};
		78C9D7E72CC35FEE003FBDCF /* Release */ = {
			isa = XCBuildConfiguration;
			buildSettings = {
				ASSETCATALOG_COMPILER_APPICON_NAME = AppIcon;
				ASSETCATALOG_COMPILER_GLOBAL_ACCENT_COLOR_NAME = AccentColor;
				ASSETCATALOG_COMPILER_INCLUDE_ALL_APPICON_ASSETS = NO;
				CODE_SIGN_STYLE = Automatic;
				CURRENT_PROJECT_VERSION = 1;
				DEVELOPMENT_ASSET_PATHS = "\"High Tense/Preview Content\"";
				DEVELOPMENT_TEAM = 9GSM5SF73S;
				ENABLE_PREVIEWS = YES;
				GENERATE_INFOPLIST_FILE = YES;
				INFOPLIST_KEY_UIApplicationSceneManifest_Generation = YES;
				INFOPLIST_KEY_UIApplicationSupportsIndirectInputEvents = YES;
				INFOPLIST_KEY_UILaunchScreen_Generation = YES;
				INFOPLIST_KEY_UISupportedInterfaceOrientations = UIInterfaceOrientationPortrait;
				LD_RUNPATH_SEARCH_PATHS = (
					"$(inherited)",
					"@executable_path/Frameworks",
				);
				MARKETING_VERSION = 1.0;
				PRODUCT_BUNDLE_IDENTIFIER = "leet.High-Tense";
				PRODUCT_NAME = "$(TARGET_NAME)";
				SWIFT_EMIT_LOC_STRINGS = YES;
				SWIFT_VERSION = 5.0;
				TARGETED_DEVICE_FAMILY = "1,2";
			};
			name = Release;
		};
		78C9D7E92CC35FEE003FBDCF /* Debug */ = {
			isa = XCBuildConfiguration;
			buildSettings = {
				BUNDLE_LOADER = "$(TEST_HOST)";
				CODE_SIGN_STYLE = Automatic;
				CURRENT_PROJECT_VERSION = 1;
				DEVELOPMENT_TEAM = 9GSM5SF73S;
				GENERATE_INFOPLIST_FILE = YES;
				IPHONEOS_DEPLOYMENT_TARGET = 18.0;
				MARKETING_VERSION = 1.0;
				PRODUCT_BUNDLE_IDENTIFIER = "leet.High-TenseTests";
				PRODUCT_NAME = "$(TARGET_NAME)";
				SWIFT_EMIT_LOC_STRINGS = NO;
				SWIFT_VERSION = 5.0;
				TARGETED_DEVICE_FAMILY = "1,2";
				TEST_HOST = "$(BUILT_PRODUCTS_DIR)/High Tense.app/$(BUNDLE_EXECUTABLE_FOLDER_PATH)/High Tense";
			};
			name = Debug;
		};
		78C9D7EA2CC35FEE003FBDCF /* Release */ = {
			isa = XCBuildConfiguration;
			buildSettings = {
				BUNDLE_LOADER = "$(TEST_HOST)";
				CODE_SIGN_STYLE = Automatic;
				CURRENT_PROJECT_VERSION = 1;
				DEVELOPMENT_TEAM = 9GSM5SF73S;
				GENERATE_INFOPLIST_FILE = YES;
				IPHONEOS_DEPLOYMENT_TARGET = 18.0;
				MARKETING_VERSION = 1.0;
				PRODUCT_BUNDLE_IDENTIFIER = "leet.High-TenseTests";
				PRODUCT_NAME = "$(TARGET_NAME)";
				SWIFT_EMIT_LOC_STRINGS = NO;
				SWIFT_VERSION = 5.0;
				TARGETED_DEVICE_FAMILY = "1,2";
				TEST_HOST = "$(BUILT_PRODUCTS_DIR)/High Tense.app/$(BUNDLE_EXECUTABLE_FOLDER_PATH)/High Tense";
			};
			name = Release;
		};
		78C9D7EC2CC35FEE003FBDCF /* Debug */ = {
			isa = XCBuildConfiguration;
			buildSettings = {
				CODE_SIGN_STYLE = Automatic;
				CURRENT_PROJECT_VERSION = 1;
				DEVELOPMENT_TEAM = 9GSM5SF73S;
				GENERATE_INFOPLIST_FILE = YES;
				MARKETING_VERSION = 1.0;
				PRODUCT_BUNDLE_IDENTIFIER = "leet.High-TenseUITests";
				PRODUCT_NAME = "$(TARGET_NAME)";
				SWIFT_EMIT_LOC_STRINGS = NO;
				SWIFT_VERSION = 5.0;
				TARGETED_DEVICE_FAMILY = "1,2";
				TEST_TARGET_NAME = "High Tense";
			};
			name = Debug;
		};
		78C9D7ED2CC35FEE003FBDCF /* Release */ = {
			isa = XCBuildConfiguration;
			buildSettings = {
				CODE_SIGN_STYLE = Automatic;
				CURRENT_PROJECT_VERSION = 1;
				DEVELOPMENT_TEAM = 9GSM5SF73S;
				GENERATE_INFOPLIST_FILE = YES;
				MARKETING_VERSION = 1.0;
				PRODUCT_BUNDLE_IDENTIFIER = "leet.High-TenseUITests";
				PRODUCT_NAME = "$(TARGET_NAME)";
				SWIFT_EMIT_LOC_STRINGS = NO;
				SWIFT_VERSION = 5.0;
				TARGETED_DEVICE_FAMILY = "1,2";
				TEST_TARGET_NAME = "High Tense";
			};
			name = Release;
		};
/* End XCBuildConfiguration section */

/* Begin XCConfigurationList section */
		78C9D7BA2CC35FED003FBDCF /* Build configuration list for PBXProject "High Tense" */ = {
			isa = XCConfigurationList;
			buildConfigurations = (
				78C9D7E32CC35FEE003FBDCF /* Debug */,
				78C9D7E42CC35FEE003FBDCF /* Release */,
			);
			defaultConfigurationIsVisible = 0;
			defaultConfigurationName = Release;
		};
		78C9D7E52CC35FEE003FBDCF /* Build configuration list for PBXNativeTarget "High Tense" */ = {
			isa = XCConfigurationList;
			buildConfigurations = (
				78C9D7E62CC35FEE003FBDCF /* Debug */,
				78C9D7E72CC35FEE003FBDCF /* Release */,
			);
			defaultConfigurationIsVisible = 0;
			defaultConfigurationName = Release;
		};
		78C9D7E82CC35FEE003FBDCF /* Build configuration list for PBXNativeTarget "High TenseTests" */ = {
			isa = XCConfigurationList;
			buildConfigurations = (
				78C9D7E92CC35FEE003FBDCF /* Debug */,
				78C9D7EA2CC35FEE003FBDCF /* Release */,
			);
			defaultConfigurationIsVisible = 0;
			defaultConfigurationName = Release;
		};
		78C9D7EB2CC35FEE003FBDCF /* Build configuration list for PBXNativeTarget "High TenseUITests" */ = {
			isa = XCConfigurationList;
			buildConfigurations = (
				78C9D7EC2CC35FEE003FBDCF /* Debug */,
				78C9D7ED2CC35FEE003FBDCF /* Release */,
			);
			defaultConfigurationIsVisible = 0;
			defaultConfigurationName = Release;
		};
/* End XCConfigurationList section */
	};
	rootObject = 78C9D7B72CC35FED003FBDCF /* Project object */;
}
